
Microsoft Visual Studio Solution File, Format Version 12.00
# Visual Studio Version 16
VisualStudioVersion = 16.0.32901.82
MinimumVisualStudioVersion = 10.0.40219.1
Project("{FAE04EC0-301F-11D3-BF4B-00C04F79EFBC}") = "F1_CrystalReports_PRJ", "F1_CrystalReports_PRJ\F1_CrystalReports_PRJ.csproj", "{F8287A1D-950F-40C1-9C0A-5C8C2EFC11C9}"
EndProject
Global
	GlobalSection(SolutionConfigurationPlatforms) = preSolution
		Debug|Any CPU = Debug|Any CPU
		Release|Any CPU = Release|Any CPU
	EndGlobalSection
	GlobalSection(ProjectConfigurationPlatforms) = postSolution
		{F8287A1D-950F-40C1-9C0A-5C8C2EFC11C9}.Debug|Any CPU.ActiveCfg = Debug|Any CPU
		{F8287A1D-950F-40C1-9C0A-5C8C2EFC11C9}.Debug|Any CPU.Build.0 = Debug|Any CPU
		{F8287A1D-950F-40C1-9C0A-5C8C2EFC11C9}.Release|Any CPU.ActiveCfg = Release|Any CPU
		{F8287A1D-950F-40C1-9C0A-5C8C2EFC11C9}.Release|Any CPU.Build.0 = Release|Any CPU
	EndGlobalSection
	GlobalSection(SolutionProperties) = preSolution
		HideSolutionNode = FALSE
	EndGlobalSection
	GlobalSection(ExtensibilityGlobals) = postSolution
		SolutionGuid = {3CAECA6E-B203-436E-92BE-1031E5FCE846}
	EndGlobalSection
EndGlobal
